
Microsoft Visual Studio Solution File, Format Version 12.00
# Visual Studio 15
VisualStudioVersion = 15.0.27703.2000
MinimumVisualStudioVersion = 10.0.40219.1
Project("{9A19103F-16F7-4668-BE54-9A1E7A4F7556}") = "SupplyChainSystem.Server", "SupplyChainSystem.Server\SupplyChainSystem.Server.csproj", "{D3A89FCE-077D-4847-AB6E-FEB458EF8DA0}"
EndProject
Project("{FAE04EC0-301F-11D3-BF4B-00C04F79EFBC}") = "SupplyChainSystem.Authentication", "WebApplication1\SupplyChainSystem.Authentication.csproj", "{0056383F-30C1-474C-9EB6-E87215CFED08}"
EndProject
Global
	GlobalSection(SolutionConfigurationPlatforms) = preSolution
		Debug|Any CPU = Debug|Any CPU
		Release|Any CPU = Release|Any CPU
	EndGlobalSection
	GlobalSection(ProjectConfigurationPlatforms) = postSolution
		{D3A89FCE-077D-4847-AB6E-FEB458EF8DA0}.Debug|Any CPU.ActiveCfg = Debug|Any CPU
		{D3A89FCE-077D-4847-AB6E-FEB458EF8DA0}.Debug|Any CPU.Build.0 = Debug|Any CPU
		{D3A89FCE-077D-4847-AB6E-FEB458EF8DA0}.Release|Any CPU.ActiveCfg = Release|Any CPU
		{D3A89FCE-077D-4847-AB6E-FEB458EF8DA0}.Release|Any CPU.Build.0 = Release|Any CPU
		{0056383F-30C1-474C-9EB6-E87215CFED08}.Debug|Any CPU.ActiveCfg = Debug|Any CPU
		{0056383F-30C1-474C-9EB6-E87215CFED08}.Debug|Any CPU.Build.0 = Debug|Any CPU
		{0056383F-30C1-474C-9EB6-E87215CFED08}.Release|Any CPU.ActiveCfg = Release|Any CPU
		{0056383F-30C1-474C-9EB6-E87215CFED08}.Release|Any CPU.Build.0 = Release|Any CPU
	EndGlobalSection
	GlobalSection(SolutionProperties) = preSolution
		HideSolutionNode = FALSE
	EndGlobalSection
	GlobalSection(ExtensibilityGlobals) = postSolution
		SolutionGuid = {D020C503-CFF1-46D7-9E3F-B312095BF244}
	EndGlobalSection
EndGlobal
